{
    "version": 3,
    "terraform_version": "0.11.3",
    "serial": 9,
    "lineage": "5baedafb-a8f5-4414-8cad-11950e04cca5",
    "modules": [
        {
            "path": [
                "root"
            ],
            "outputs": {},
            "resources": {
                "aws_internet_gateway.InfraEng_InternetGW": {
                    "type": "aws_internet_gateway",
                    "depends_on": [
                        "aws_vpc.InfraEng_vpc"
                    ],
                    "primary": {
                        "id": "igw-9604f1ee",
                        "attributes": {
                            "id": "igw-9604f1ee",
                            "tags.%": "1",
                            "tags.Name": "main",
                            "vpc_id": "vpc-5704cb2c"
                        },
                        "meta": {},
                        "tainted": false
                    },
                    "deposed": [],
                    "provider": "provider.aws"
                },
                "aws_route_table.public_route_table": {
                    "type": "aws_route_table",
                    "depends_on": [
                        "aws_internet_gateway.InfraEng_InternetGW",
                        "aws_vpc.InfraEng_vpc"
                    ],
                    "primary": {
                        "id": "rtb-dbce39a7",
                        "attributes": {
                            "id": "rtb-dbce39a7",
                            "propagating_vgws.#": "0",
                            "route.#": "1",
                            "route.279039597.cidr_block": "0.0.0.0/0",
                            "route.279039597.egress_only_gateway_id": "",
                            "route.279039597.gateway_id": "igw-9604f1ee",
                            "route.279039597.instance_id": "",
                            "route.279039597.ipv6_cidr_block": "",
                            "route.279039597.nat_gateway_id": "",
                            "route.279039597.network_interface_id": "",
                            "route.279039597.vpc_peering_connection_id": "",
                            "tags.%": "1",
                            "tags.Name": "public_route_table  ",
                            "vpc_id": "vpc-5704cb2c"
                        },
                        "meta": {},
                        "tainted": false
                    },
                    "deposed": [],
                    "provider": "provider.aws"
                },
                "aws_route_table_association.public_subnet_association": {
                    "type": "aws_route_table_association",
                    "depends_on": [
                        "aws_route_table.public_route_table",
                        "aws_subnet.public_subnet_1"
                    ],
                    "primary": {
                        "id": "rtbassoc-7291d30e",
                        "attributes": {
                            "id": "rtbassoc-7291d30e",
                            "route_table_id": "rtb-dbce39a7",
                            "subnet_id": "subnet-0f411520"
                        },
                        "meta": {},
                        "tainted": false
                    },
                    "deposed": [],
                    "provider": "provider.aws"
                },
                "aws_subnet.private_subnet_1": {
                    "type": "aws_subnet",
                    "depends_on": [
                        "aws_vpc.InfraEng_vpc"
                    ],
                    "primary": {
                        "id": "subnet-bad6caf1",
                        "attributes": {
                            "assign_ipv6_address_on_creation": "false",
                            "availability_zone": "us-east-1b",
                            "cidr_block": "10.0.1.0/24",
                            "id": "subnet-bad6caf1",
                            "map_public_ip_on_launch": "false",
                            "tags.%": "1",
                            "tags.Name": "Private_subnet",
                            "vpc_id": "vpc-5704cb2c"
                        },
                        "meta": {
                            "schema_version": "1"
                        },
                        "tainted": false
                    },
                    "deposed": [],
                    "provider": "provider.aws"
                },
                "aws_subnet.public_subnet_1": {
                    "type": "aws_subnet",
                    "depends_on": [
                        "aws_vpc.InfraEng_vpc"
                    ],
                    "primary": {
                        "id": "subnet-0f411520",
                        "attributes": {
                            "assign_ipv6_address_on_creation": "false",
                            "availability_zone": "us-east-1a",
                            "cidr_block": "10.0.0.0/24",
                            "id": "subnet-0f411520",
                            "map_public_ip_on_launch": "false",
                            "tags.%": "1",
                            "tags.Name": "Public_subnet",
                            "vpc_id": "vpc-5704cb2c"
                        },
                        "meta": {
                            "schema_version": "1"
                        },
                        "tainted": false
                    },
                    "deposed": [],
                    "provider": "provider.aws"
                },
                "aws_vpc.InfraEng_vpc": {
                    "type": "aws_vpc",
                    "depends_on": [],
                    "primary": {
                        "id": "vpc-5704cb2c",
                        "attributes": {
                            "assign_generated_ipv6_cidr_block": "false",
                            "cidr_block": "10.0.0.0/16",
                            "default_network_acl_id": "acl-0d9fc176",
                            "default_route_table_id": "rtb-91d92eed",
                            "default_security_group_id": "sg-2859775f",
                            "dhcp_options_id": "dopt-b6b155ce",
                            "enable_classiclink": "false",
                            "enable_classiclink_dns_support": "false",
                            "enable_dns_hostnames": "true",
                            "enable_dns_support": "true",
                            "id": "vpc-5704cb2c",
                            "instance_tenancy": "default",
                            "main_route_table_id": "rtb-91d92eed",
                            "tags.%": "1",
                            "tags.Name": "main"
                        },
                        "meta": {
                            "schema_version": "1"
                        },
                        "tainted": false
                    },
                    "deposed": [],
                    "provider": "provider.aws"
                }
            },
            "depends_on": []
        }
    ]
}
